
Microsoft Visual Studio Solution File, Format Version 12.00
# Visual Studio 15
VisualStudioVersion = 15.0.28010.2036
MinimumVisualStudioVersion = 10.0.40219.1
Project("{FAE04EC0-301F-11D3-BF4B-00C04F79EFBC}") = "Kursach", "Kursach\Kursach.csproj", "{EA76D651-976F-449F-8669-A4E9AAC6F69E}"
EndProject
Global
	GlobalSection(SolutionConfigurationPlatforms) = preSolution
		Debug|Any CPU = Debug|Any CPU
		Release|Any CPU = Release|Any CPU
	EndGlobalSection
	GlobalSection(ProjectConfigurationPlatforms) = postSolution
		{EA76D651-976F-449F-8669-A4E9AAC6F69E}.Debug|Any CPU.ActiveCfg = Debug|Any CPU
		{EA76D651-976F-449F-8669-A4E9AAC6F69E}.Debug|Any CPU.Build.0 = Debug|Any CPU
		{EA76D651-976F-449F-8669-A4E9AAC6F69E}.Release|Any CPU.ActiveCfg = Release|Any CPU
		{EA76D651-976F-449F-8669-A4E9AAC6F69E}.Release|Any CPU.Build.0 = Release|Any CPU
	EndGlobalSection
	GlobalSection(SolutionProperties) = preSolution
		HideSolutionNode = FALSE
	EndGlobalSection
	GlobalSection(ExtensibilityGlobals) = postSolution
		SolutionGuid = {FC587D84-B9A3-47BD-AC86-9B11CA51BF2A}
	EndGlobalSection
EndGlobal
